
Microsoft Visual Studio Solution File, Format Version 12.00
# Visual Studio 15
VisualStudioVersion = 15.0.28307.329
MinimumVisualStudioVersion = 10.0.40219.1
Project("{8BC9CEB8-8B4A-11D0-8D11-00A0C91BC942}") = "FoxCWrapper", "FoxCWrapper\FoxCWrapper.vcxproj", "{77B07D51-F3CF-4A96-8D50-126A8C4023F4}"
EndProject
Project("{FAE04EC0-301F-11D3-BF4B-00C04F79EFBC}") = "FoxMultiWIM", "FoxInstallWIM\FoxMultiWIM.csproj", "{634260B2-BA08-46A7-9EBC-323CFECE7AD0}"
EndProject
Project("{FAE04EC0-301F-11D3-BF4B-00C04F79EFBC}") = "FoxShell", "FoxShell\FoxShell.csproj", "{15E3363C-06AF-4525-A90F-8542126D18CC}"
EndProject
Project("{FAE04EC0-301F-11D3-BF4B-00C04F79EFBC}") = "FoxSetKeyboard", "FoxSetKeyboard\FoxSetKeyboard.csproj", "{6926FD01-6CE3-4CEE-9FEC-AB7FA8329028}"
EndProject
Project("{FAE04EC0-301F-11D3-BF4B-00C04F79EFBC}") = "FoxMapNet", "FoxMapNet\FoxMapNet.csproj", "{96BD79D3-96C1-4232-933B-D0C1F4A68DCD}"
EndProject
Project("{FAE04EC0-301F-11D3-BF4B-00C04F79EFBC}") = "FoxUnmapNet", "FoxUnmapNet\FoxUnmapNet.csproj", "{AAA29F7D-6D58-461F-8E7D-101B96B76B2A}"
EndProject
Project("{8BC9CEB8-8B4A-11D0-8D11-00A0C91BC942}") = "FoxCWrapperWIM", "FoxCWrapperWIM\FoxCWrapperWIM.vcxproj", "{EB294957-3903-473B-8573-A5EC573E8CD2}"
EndProject
Project("{FAE04EC0-301F-11D3-BF4B-00C04F79EFBC}") = "FoxCommon", "FoxCommon\FoxCommon.csproj", "{D27D06B2-07CA-4B83-93B2-A0BABA16E191}"
EndProject
Project("{FAE04EC0-301F-11D3-BF4B-00C04F79EFBC}") = "FoxShellIcon", "FoxShellIcon\FoxShellIcon.csproj", "{4DD82BFF-B47C-4BAD-B782-B8292C1EC65E}"
EndProject
Project("{FAE04EC0-301F-11D3-BF4B-00C04F79EFBC}") = "UnitTestProject", "UnitTestProject\UnitTestProject.csproj", "{67731CA9-C0C1-4C05-8A78-E58C227343C7}"
EndProject
Project("{FAE04EC0-301F-11D3-BF4B-00C04F79EFBC}") = "CollectWOW64", "CollectWOW64\CollectWOW64.csproj", "{FD9F2C2E-C875-40B6-A001-549852337CCB}"
EndProject
Project("{2150E333-8FDC-42A3-9474-1A3956D46DE8}") = "Solution Items", "Solution Items", "{1D641C11-0919-48F6-B166-C7321F6C9205}"
	ProjectSection(SolutionItems) = preProject
		README.md = README.md
	EndProjectSection
EndProject
Global
	GlobalSection(SolutionConfigurationPlatforms) = preSolution
		Debug|Win32 = Debug|Win32
		Debug|x64 = Debug|x64
		Release|Win32 = Release|Win32
		Release|x64 = Release|x64
	EndGlobalSection
	GlobalSection(ProjectConfigurationPlatforms) = postSolution
		{77B07D51-F3CF-4A96-8D50-126A8C4023F4}.Debug|Win32.ActiveCfg = Debug|Win32
		{77B07D51-F3CF-4A96-8D50-126A8C4023F4}.Debug|Win32.Build.0 = Debug|Win32
		{77B07D51-F3CF-4A96-8D50-126A8C4023F4}.Debug|x64.ActiveCfg = Debug|x64
		{77B07D51-F3CF-4A96-8D50-126A8C4023F4}.Debug|x64.Build.0 = Debug|x64
		{77B07D51-F3CF-4A96-8D50-126A8C4023F4}.Release|Win32.ActiveCfg = Release|Win32
		{77B07D51-F3CF-4A96-8D50-126A8C4023F4}.Release|Win32.Build.0 = Release|Win32
		{77B07D51-F3CF-4A96-8D50-126A8C4023F4}.Release|x64.ActiveCfg = Release|x64
		{77B07D51-F3CF-4A96-8D50-126A8C4023F4}.Release|x64.Build.0 = Release|x64
		{634260B2-BA08-46A7-9EBC-323CFECE7AD0}.Debug|Win32.ActiveCfg = Debug|Any CPU
		{634260B2-BA08-46A7-9EBC-323CFECE7AD0}.Debug|Win32.Build.0 = Debug|Any CPU
		{634260B2-BA08-46A7-9EBC-323CFECE7AD0}.Debug|x64.ActiveCfg = Debug|x64
		{634260B2-BA08-46A7-9EBC-323CFECE7AD0}.Debug|x64.Build.0 = Debug|x64
		{634260B2-BA08-46A7-9EBC-323CFECE7AD0}.Release|Win32.ActiveCfg = Release|Any CPU
		{634260B2-BA08-46A7-9EBC-323CFECE7AD0}.Release|Win32.Build.0 = Release|Any CPU
		{634260B2-BA08-46A7-9EBC-323CFECE7AD0}.Release|x64.ActiveCfg = Release|x64
		{634260B2-BA08-46A7-9EBC-323CFECE7AD0}.Release|x64.Build.0 = Release|x64
		{15E3363C-06AF-4525-A90F-8542126D18CC}.Debug|Win32.ActiveCfg = Debug|Any CPU
		{15E3363C-06AF-4525-A90F-8542126D18CC}.Debug|Win32.Build.0 = Debug|Any CPU
		{15E3363C-06AF-4525-A90F-8542126D18CC}.Debug|x64.ActiveCfg = Debug|x64
		{15E3363C-06AF-4525-A90F-8542126D18CC}.Debug|x64.Build.0 = Debug|x64
		{15E3363C-06AF-4525-A90F-8542126D18CC}.Release|Win32.ActiveCfg = Release|Any CPU
		{15E3363C-06AF-4525-A90F-8542126D18CC}.Release|Win32.Build.0 = Release|Any CPU
		{15E3363C-06AF-4525-A90F-8542126D18CC}.Release|x64.ActiveCfg = Release|x64
		{15E3363C-06AF-4525-A90F-8542126D18CC}.Release|x64.Build.0 = Release|x64
		{6926FD01-6CE3-4CEE-9FEC-AB7FA8329028}.Debug|Win32.ActiveCfg = Debug|Any CPU
		{6926FD01-6CE3-4CEE-9FEC-AB7FA8329028}.Debug|Win32.Build.0 = Debug|Any CPU
		{6926FD01-6CE3-4CEE-9FEC-AB7FA8329028}.Debug|x64.ActiveCfg = Debug|x64
		{6926FD01-6CE3-4CEE-9FEC-AB7FA8329028}.Debug|x64.Build.0 = Debug|x64
		{6926FD01-6CE3-4CEE-9FEC-AB7FA8329028}.Release|Win32.ActiveCfg = Release|Any CPU
		{6926FD01-6CE3-4CEE-9FEC-AB7FA8329028}.Release|Win32.Build.0 = Release|Any CPU
		{6926FD01-6CE3-4CEE-9FEC-AB7FA8329028}.Release|x64.ActiveCfg = Release|x64
		{6926FD01-6CE3-4CEE-9FEC-AB7FA8329028}.Release|x64.Build.0 = Release|x64
		{96BD79D3-96C1-4232-933B-D0C1F4A68DCD}.Debug|Win32.ActiveCfg = Debug|Any CPU
		{96BD79D3-96C1-4232-933B-D0C1F4A68DCD}.Debug|Win32.Build.0 = Debug|Any CPU
		{96BD79D3-96C1-4232-933B-D0C1F4A68DCD}.Debug|x64.ActiveCfg = Debug|x64
		{96BD79D3-96C1-4232-933B-D0C1F4A68DCD}.Debug|x64.Build.0 = Debug|x64
		{96BD79D3-96C1-4232-933B-D0C1F4A68DCD}.Release|Win32.ActiveCfg = Release|Any CPU
		{96BD79D3-96C1-4232-933B-D0C1F4A68DCD}.Release|Win32.Build.0 = Release|Any CPU
		{96BD79D3-96C1-4232-933B-D0C1F4A68DCD}.Release|x64.ActiveCfg = Release|x64
		{96BD79D3-96C1-4232-933B-D0C1F4A68DCD}.Release|x64.Build.0 = Release|x64
		{AAA29F7D-6D58-461F-8E7D-101B96B76B2A}.Debug|Win32.ActiveCfg = Debug|Any CPU
		{AAA29F7D-6D58-461F-8E7D-101B96B76B2A}.Debug|Win32.Build.0 = Debug|Any CPU
		{AAA29F7D-6D58-461F-8E7D-101B96B76B2A}.Debug|x64.ActiveCfg = Debug|x64
		{AAA29F7D-6D58-461F-8E7D-101B96B76B2A}.Debug|x64.Build.0 = Debug|x64
		{AAA29F7D-6D58-461F-8E7D-101B96B76B2A}.Release|Win32.ActiveCfg = Release|Any CPU
		{AAA29F7D-6D58-461F-8E7D-101B96B76B2A}.Release|Win32.Build.0 = Release|Any CPU
		{AAA29F7D-6D58-461F-8E7D-101B96B76B2A}.Release|x64.ActiveCfg = Release|x64
		{AAA29F7D-6D58-461F-8E7D-101B96B76B2A}.Release|x64.Build.0 = Release|x64
		{EB294957-3903-473B-8573-A5EC573E8CD2}.Debug|Win32.ActiveCfg = Debug|Win32
		{EB294957-3903-473B-8573-A5EC573E8CD2}.Debug|Win32.Build.0 = Debug|Win32
		{EB294957-3903-473B-8573-A5EC573E8CD2}.Debug|x64.ActiveCfg = Debug|x64
		{EB294957-3903-473B-8573-A5EC573E8CD2}.Debug|x64.Build.0 = Debug|x64
		{EB294957-3903-473B-8573-A5EC573E8CD2}.Release|Win32.ActiveCfg = Release|Win32
		{EB294957-3903-473B-8573-A5EC573E8CD2}.Release|Win32.Build.0 = Release|Win32
		{EB294957-3903-473B-8573-A5EC573E8CD2}.Release|x64.ActiveCfg = Release|x64
		{EB294957-3903-473B-8573-A5EC573E8CD2}.Release|x64.Build.0 = Release|x64
		{D27D06B2-07CA-4B83-93B2-A0BABA16E191}.Debug|Win32.ActiveCfg = Debug|Any CPU
		{D27D06B2-07CA-4B83-93B2-A0BABA16E191}.Debug|Win32.Build.0 = Debug|Any CPU
		{D27D06B2-07CA-4B83-93B2-A0BABA16E191}.Debug|x64.ActiveCfg = Debug|x64
		{D27D06B2-07CA-4B83-93B2-A0BABA16E191}.Debug|x64.Build.0 = Debug|x64
		{D27D06B2-07CA-4B83-93B2-A0BABA16E191}.Release|Win32.ActiveCfg = Release|Any CPU
		{D27D06B2-07CA-4B83-93B2-A0BABA16E191}.Release|Win32.Build.0 = Release|Any CPU
		{D27D06B2-07CA-4B83-93B2-A0BABA16E191}.Release|x64.ActiveCfg = Release|x64
		{D27D06B2-07CA-4B83-93B2-A0BABA16E191}.Release|x64.Build.0 = Release|x64
		{4DD82BFF-B47C-4BAD-B782-B8292C1EC65E}.Debug|Win32.ActiveCfg = Debug|Any CPU
		{4DD82BFF-B47C-4BAD-B782-B8292C1EC65E}.Debug|Win32.Build.0 = Debug|Any CPU
		{4DD82BFF-B47C-4BAD-B782-B8292C1EC65E}.Debug|x64.ActiveCfg = Debug|x64
		{4DD82BFF-B47C-4BAD-B782-B8292C1EC65E}.Debug|x64.Build.0 = Debug|x64
		{4DD82BFF-B47C-4BAD-B782-B8292C1EC65E}.Release|Win32.ActiveCfg = Release|Any CPU
		{4DD82BFF-B47C-4BAD-B782-B8292C1EC65E}.Release|Win32.Build.0 = Release|Any CPU
		{4DD82BFF-B47C-4BAD-B782-B8292C1EC65E}.Release|x64.ActiveCfg = Release|x64
		{4DD82BFF-B47C-4BAD-B782-B8292C1EC65E}.Release|x64.Build.0 = Release|x64
		{67731CA9-C0C1-4C05-8A78-E58C227343C7}.Debug|Win32.ActiveCfg = Debug|Any CPU
		{67731CA9-C0C1-4C05-8A78-E58C227343C7}.Debug|Win32.Build.0 = Debug|Any CPU
		{67731CA9-C0C1-4C05-8A78-E58C227343C7}.Debug|x64.ActiveCfg = Debug|x64
		{67731CA9-C0C1-4C05-8A78-E58C227343C7}.Debug|x64.Build.0 = Debug|x64
		{67731CA9-C0C1-4C05-8A78-E58C227343C7}.Release|Win32.ActiveCfg = Release|Any CPU
		{67731CA9-C0C1-4C05-8A78-E58C227343C7}.Release|Win32.Build.0 = Release|Any CPU
		{67731CA9-C0C1-4C05-8A78-E58C227343C7}.Release|x64.ActiveCfg = Release|x64
		{67731CA9-C0C1-4C05-8A78-E58C227343C7}.Release|x64.Build.0 = Release|x64
		{FD9F2C2E-C875-40B6-A001-549852337CCB}.Debug|Win32.ActiveCfg = Debug|Any CPU
		{FD9F2C2E-C875-40B6-A001-549852337CCB}.Debug|Win32.Build.0 = Debug|Any CPU
		{FD9F2C2E-C875-40B6-A001-549852337CCB}.Debug|x64.ActiveCfg = Debug|Any CPU
		{FD9F2C2E-C875-40B6-A001-549852337CCB}.Debug|x64.Build.0 = Debug|Any CPU
		{FD9F2C2E-C875-40B6-A001-549852337CCB}.Release|Win32.ActiveCfg = Release|Any CPU
		{FD9F2C2E-C875-40B6-A001-549852337CCB}.Release|Win32.Build.0 = Release|Any CPU
		{FD9F2C2E-C875-40B6-A001-549852337CCB}.Release|x64.ActiveCfg = Release|Any CPU
		{FD9F2C2E-C875-40B6-A001-549852337CCB}.Release|x64.Build.0 = Release|Any CPU
	EndGlobalSection
	GlobalSection(SolutionProperties) = preSolution
		HideSolutionNode = FALSE
	EndGlobalSection
	GlobalSection(ExtensibilityGlobals) = postSolution
		SolutionGuid = {E9385F7C-39D3-4660-91BC-B03AA07A57F0}
	EndGlobalSection
EndGlobal
